
Microsoft Visual Studio Solution File, Format Version 12.00
# Visual Studio 15
VisualStudioVersion = 15.0.26124.0
MinimumVisualStudioVersion = 15.0.26124.0
Project("{2150E333-8FDC-42A3-9474-1A3956D46DE8}") = "src", "src", "{F753ABA9-D6E8-40F7-986C-AE343C2C1368}"
EndProject
Project("{FAE04EC0-301F-11D3-BF4B-00C04F79EFBC}") = "SimpleAPI", "src\SimpleAPI\SimpleAPI.csproj", "{B1744522-3D9B-4AC5-A437-37FB8E443973}"
EndProject
Project("{2150E333-8FDC-42A3-9474-1A3956D46DE8}") = "test", "test", "{5F2F092E-72BE-41F3-82C8-D508D13C71AD}"
EndProject
Project("{FAE04EC0-301F-11D3-BF4B-00C04F79EFBC}") = "SimpleAPI.Test", "test\SimpleAPI.Test\SimpleAPI.Test.csproj", "{1CDBB89F-CC3C-4BBF-8BE8-324BD23BA074}"
EndProject
Global
	GlobalSection(SolutionConfigurationPlatforms) = preSolution
		Debug|Any CPU = Debug|Any CPU
		Debug|x64 = Debug|x64
		Debug|x86 = Debug|x86
		Release|Any CPU = Release|Any CPU
		Release|x64 = Release|x64
		Release|x86 = Release|x86
	EndGlobalSection
	GlobalSection(SolutionProperties) = preSolution
		HideSolutionNode = FALSE
	EndGlobalSection
	GlobalSection(ProjectConfigurationPlatforms) = postSolution
		{B1744522-3D9B-4AC5-A437-37FB8E443973}.Debug|Any CPU.ActiveCfg = Debug|Any CPU
		{B1744522-3D9B-4AC5-A437-37FB8E443973}.Debug|Any CPU.Build.0 = Debug|Any CPU
		{B1744522-3D9B-4AC5-A437-37FB8E443973}.Debug|x64.ActiveCfg = Debug|Any CPU
		{B1744522-3D9B-4AC5-A437-37FB8E443973}.Debug|x64.Build.0 = Debug|Any CPU
		{B1744522-3D9B-4AC5-A437-37FB8E443973}.Debug|x86.ActiveCfg = Debug|Any CPU
		{B1744522-3D9B-4AC5-A437-37FB8E443973}.Debug|x86.Build.0 = Debug|Any CPU
		{B1744522-3D9B-4AC5-A437-37FB8E443973}.Release|Any CPU.ActiveCfg = Release|Any CPU
		{B1744522-3D9B-4AC5-A437-37FB8E443973}.Release|Any CPU.Build.0 = Release|Any CPU
		{B1744522-3D9B-4AC5-A437-37FB8E443973}.Release|x64.ActiveCfg = Release|Any CPU
		{B1744522-3D9B-4AC5-A437-37FB8E443973}.Release|x64.Build.0 = Release|Any CPU
		{B1744522-3D9B-4AC5-A437-37FB8E443973}.Release|x86.ActiveCfg = Release|Any CPU
		{B1744522-3D9B-4AC5-A437-37FB8E443973}.Release|x86.Build.0 = Release|Any CPU
		{1CDBB89F-CC3C-4BBF-8BE8-324BD23BA074}.Debug|Any CPU.ActiveCfg = Debug|Any CPU
		{1CDBB89F-CC3C-4BBF-8BE8-324BD23BA074}.Debug|Any CPU.Build.0 = Debug|Any CPU
		{1CDBB89F-CC3C-4BBF-8BE8-324BD23BA074}.Debug|x64.ActiveCfg = Debug|Any CPU
		{1CDBB89F-CC3C-4BBF-8BE8-324BD23BA074}.Debug|x64.Build.0 = Debug|Any CPU
		{1CDBB89F-CC3C-4BBF-8BE8-324BD23BA074}.Debug|x86.ActiveCfg = Debug|Any CPU
		{1CDBB89F-CC3C-4BBF-8BE8-324BD23BA074}.Debug|x86.Build.0 = Debug|Any CPU
		{1CDBB89F-CC3C-4BBF-8BE8-324BD23BA074}.Release|Any CPU.ActiveCfg = Release|Any CPU
		{1CDBB89F-CC3C-4BBF-8BE8-324BD23BA074}.Release|Any CPU.Build.0 = Release|Any CPU
		{1CDBB89F-CC3C-4BBF-8BE8-324BD23BA074}.Release|x64.ActiveCfg = Release|Any CPU
		{1CDBB89F-CC3C-4BBF-8BE8-324BD23BA074}.Release|x64.Build.0 = Release|Any CPU
		{1CDBB89F-CC3C-4BBF-8BE8-324BD23BA074}.Release|x86.ActiveCfg = Release|Any CPU
		{1CDBB89F-CC3C-4BBF-8BE8-324BD23BA074}.Release|x86.Build.0 = Release|Any CPU
	EndGlobalSection
	GlobalSection(NestedProjects) = preSolution
		{B1744522-3D9B-4AC5-A437-37FB8E443973} = {F753ABA9-D6E8-40F7-986C-AE343C2C1368}
		{1CDBB89F-CC3C-4BBF-8BE8-324BD23BA074} = {5F2F092E-72BE-41F3-82C8-D508D13C71AD}
	EndGlobalSection
EndGlobal
